<?xml version="1.0" encoding="utf-8"?>
<Project ToolsVersion="4.0" xmlns="http://schemas.microsoft.com/developer/msbuild/2003">
  <ItemGroup>
    <Filter Include="소스 파일">
      <UniqueIdentifier>{4FC737F1-C7A5-4376-A066-2A32D752A2FF}</UniqueIdentifier>
      <Extensions>cpp;c;cc;cxx;c++;cppm;ixx;def;odl;idl;hpj;bat;asm;asmx</Extensions>
    </Filter>
    <Filter Include="헤더 파일">
      <UniqueIdentifier>{93995380-89BD-4b04-88EB-625FBE52EBFB}</UniqueIdentifier>
      <Extensions>h;hh;hpp;hxx;h++;hm;inl;inc;ipp;xsd</Extensions>
    </Filter>
    <Filter Include="Interface">
      <UniqueIdentifier>{9aab772a-79cc-4cb2-92b3-4a7c22f72b92}</UniqueIdentifier>
    </Filter>
    <Filter Include="Data">
      <UniqueIdentifier>{8e12f795-3794-4e4d-b0b8-112cb65e6f8c}</UniqueIdentifier>
    </Filter>
    <Filter Include="Data\etc">
      <UniqueIdentifier>{7e0e3fc2-0b0e-4ba7-9d2b-b636f871763e}</UniqueIdentifier>
    </Filter>
    <Filter Include="HLSL">
      <UniqueIdentifier>{6e823485-b2d4-4466-b80d-d85efb1176ec}</UniqueIdentifier>
    </Filter>
    <Filter Include="Resource">
      <UniqueIdentifier>{3aa8a320-cec3-4109-840d-f526c1fffc62}</UniqueIdentifier>
    </Filter>
  </ItemGroup>
  <ItemGroup>
    <ClInclude Include="IGraphics.h">
      <Filter>Interface</Filter>
    </ClInclude>
    <ClInclude Include="framework.h">
      <Filter>Data\etc</Filter>
    </ClInclude>
    <ClInclude Include="pch.h">
      <Filter>Data\etc</Filter>
    </ClInclude>
    <ClInclude Include="RenderData.h">
      <Filter>Data</Filter>
    </ClInclude>
    <ClInclude Include="Graphics.h">
      <Filter>Interface</Filter>
    </ClInclude>
    <ClInclude Include="Animation.h">
      <Filter>헤더 파일</Filter>
    </ClInclude>
    <ClInclude Include="Animator.h">
      <Filter>헤더 파일</Filter>
    </ClInclude>
    <ClInclude Include="Buffer.h">
      <Filter>헤더 파일</Filter>
    </ClInclude>
    <ClInclude Include="DepthStencilState.h">
      <Filter>헤더 파일</Filter>
    </ClInclude>
    <ClInclude Include="DepthStencilView.h">
      <Filter>헤더 파일</Filter>
    </ClInclude>
    <ClInclude Include="Device.h">
      <Filter>헤더 파일</Filter>
    </ClInclude>
    <ClInclude Include="IndexBuffer.h">
      <Filter>헤더 파일</Filter>
    </ClInclude>
    <ClInclude Include="Material.h">
      <Filter>헤더 파일</Filter>
    </ClInclude>
    <ClInclude Include="Mesh.h">
      <Filter>헤더 파일</Filter>
    </ClInclude>
    <ClInclude Include="ModelData.h">
      <Filter>헤더 파일</Filter>
    </ClInclude>
    <ClInclude Include="ModelLoader.h">
      <Filter>헤더 파일</Filter>
    </ClInclude>
    <ClInclude Include="Node.h">
      <Filter>헤더 파일</Filter>
    </ClInclude>
    <ClInclude Include="PixelShader.h">
      <Filter>헤더 파일</Filter>
    </ClInclude>
    <ClInclude Include="RenderPass.h">
      <Filter>헤더 파일</Filter>
    </ClInclude>
    <ClInclude Include="RenderState.h">
      <Filter>헤더 파일</Filter>
    </ClInclude>
    <ClInclude Include="RenderTargetView.h">
      <Filter>헤더 파일</Filter>
    </ClInclude>
    <ClInclude Include="Resource.h">
      <Filter>헤더 파일</Filter>
    </ClInclude>
    <ClInclude Include="ResourceManager.h">
      <Filter>헤더 파일</Filter>
    </ClInclude>
    <ClInclude Include="Shader.h">
      <Filter>헤더 파일</Filter>
    </ClInclude>
    <ClInclude Include="ShaderResourceView.h">
      <Filter>헤더 파일</Filter>
    </ClInclude>
    <ClInclude Include="Slot.h">
      <Filter>헤더 파일</Filter>
    </ClInclude>
    <ClInclude Include="Texture2D.h">
      <Filter>헤더 파일</Filter>
    </ClInclude>
    <ClInclude Include="VertexBuffer.h">
      <Filter>헤더 파일</Filter>
    </ClInclude>
    <ClInclude Include="VertexShader.h">
      <Filter>헤더 파일</Filter>
    </ClInclude>
    <ClInclude Include="BufferData.h">
      <Filter>Data</Filter>
    </ClInclude>
    <ClInclude Include="ConstantBuffer.h">
      <Filter>헤더 파일</Filter>
    </ClInclude>
    <ClInclude Include="Sampler.h">
      <Filter>헤더 파일</Filter>
    </ClInclude>
    <ClInclude Include="ViewPort.h">
      <Filter>헤더 파일</Filter>
    </ClInclude>
    <ClInclude Include="Desc.h">
      <Filter>Data</Filter>
    </ClInclude>
    <ClInclude Include="PassManager.h">
      <Filter>헤더 파일</Filter>
    </ClInclude>
    <ClInclude Include="Defines.h">
      <Filter>헤더 파일</Filter>
    </ClInclude>
    <ClInclude Include="Util.h">
      <Filter>헤더 파일</Filter>
    </ClInclude>
    <ClInclude Include="VertexData.h">
      <Filter>헤더 파일</Filter>
    </ClInclude>
    <ClInclude Include="DeferredLightPass.h">
      <Filter>헤더 파일</Filter>
    </ClInclude>
    <ClInclude Include="DeferredInstancing.h">
      <Filter>헤더 파일</Filter>
    </ClInclude>
    <ClInclude Include="DeferredPass.h">
      <Filter>헤더 파일</Filter>
    </ClInclude>
    <ClInclude Include="DeferredGeometryPass.h">
      <Filter>헤더 파일</Filter>
    </ClInclude>
    <ClInclude Include="TransparencyPass.h">
      <Filter>헤더 파일</Filter>
    </ClInclude>
    <ClInclude Include="VPOutLinePass.h">
      <Filter>헤더 파일</Filter>
    </ClInclude>
    <ClInclude Include="RimLight.h">
      <Filter>헤더 파일</Filter>
    </ClInclude>
    <ClInclude Include="DecalPass.h">
      <Filter>헤더 파일</Filter>
    </ClInclude>
    <ClInclude Include="DecalManager.h">
      <Filter>헤더 파일</Filter>
    </ClInclude>
    <ClInclude Include="OverDrawPass.h">
      <Filter>헤더 파일</Filter>
    </ClInclude>
    <ClInclude Include="EffectPass.h">
      <Filter>헤더 파일</Filter>
    </ClInclude>
    <ClInclude Include="StaticData.h">
      <Filter>헤더 파일</Filter>
    </ClInclude>
    <ClInclude Include="BlendState.h">
      <Filter>헤더 파일</Filter>
    </ClInclude>
    <ClInclude Include="LightManager.h">
      <Filter>헤더 파일</Filter>
    </ClInclude>
    <ClInclude Include="OutputMain.h">
      <Filter>헤더 파일</Filter>
    </ClInclude>
  </ItemGroup>
  <ItemGroup>
    <ClCompile Include="IGraphics.cpp">
      <Filter>Interface</Filter>
    </ClCompile>
    <ClCompile Include="dllmain.cpp">
      <Filter>Data\etc</Filter>
    </ClCompile>
    <ClCompile Include="pch.cpp">
      <Filter>Data\etc</Filter>
    </ClCompile>
    <ClCompile Include="Animation.cpp">
      <Filter>소스 파일</Filter>
    </ClCompile>
    <ClCompile Include="Animator.cpp">
      <Filter>소스 파일</Filter>
    </ClCompile>
    <ClCompile Include="Buffer.cpp">
      <Filter>소스 파일</Filter>
    </ClCompile>
    <ClCompile Include="BufferData.cpp">
      <Filter>소스 파일</Filter>
    </ClCompile>
    <ClCompile Include="DepthStencilState.cpp">
      <Filter>소스 파일</Filter>
    </ClCompile>
    <ClCompile Include="DepthStencilView.cpp">
      <Filter>소스 파일</Filter>
    </ClCompile>
    <ClCompile Include="Device.cpp">
      <Filter>소스 파일</Filter>
    </ClCompile>
    <ClCompile Include="IndexBuffer.cpp">
      <Filter>소스 파일</Filter>
    </ClCompile>
    <ClCompile Include="Material.cpp">
      <Filter>소스 파일</Filter>
    </ClCompile>
    <ClCompile Include="Mesh.cpp">
      <Filter>소스 파일</Filter>
    </ClCompile>
    <ClCompile Include="ModelData.cpp">
      <Filter>소스 파일</Filter>
    </ClCompile>
    <ClCompile Include="ModelLoader.cpp">
      <Filter>소스 파일</Filter>
    </ClCompile>
    <ClCompile Include="Node.cpp">
      <Filter>소스 파일</Filter>
    </ClCompile>
    <ClCompile Include="PixelShader.cpp">
      <Filter>소스 파일</Filter>
    </ClCompile>
    <ClCompile Include="RenderData.cpp">
      <Filter>소스 파일</Filter>
    </ClCompile>
    <ClCompile Include="RenderPass.cpp">
      <Filter>소스 파일</Filter>
    </ClCompile>
    <ClCompile Include="RenderState.cpp">
      <Filter>소스 파일</Filter>
    </ClCompile>
    <ClCompile Include="RenderTargetView.cpp">
      <Filter>소스 파일</Filter>
    </ClCompile>
    <ClCompile Include="Resource.cpp">
      <Filter>소스 파일</Filter>
    </ClCompile>
    <ClCompile Include="ResourceManager.cpp">
      <Filter>소스 파일</Filter>
    </ClCompile>
    <ClCompile Include="Shader.cpp">
      <Filter>소스 파일</Filter>
    </ClCompile>
    <ClCompile Include="ShaderResourceView.cpp">
      <Filter>소스 파일</Filter>
    </ClCompile>
    <ClCompile Include="Texture2D.cpp">
      <Filter>소스 파일</Filter>
    </ClCompile>
    <ClCompile Include="VertexBuffer.cpp">
      <Filter>소스 파일</Filter>
    </ClCompile>
    <ClCompile Include="VertexShader.cpp">
      <Filter>소스 파일</Filter>
    </ClCompile>
    <ClCompile Include="ConstantBuffer.cpp">
      <Filter>소스 파일</Filter>
    </ClCompile>
    <ClCompile Include="Sampler.cpp">
      <Filter>소스 파일</Filter>
    </ClCompile>
    <ClCompile Include="ViewPort.cpp">
      <Filter>소스 파일</Filter>
    </ClCompile>
    <ClCompile Include="PassManager.cpp">
      <Filter>소스 파일</Filter>
    </ClCompile>
    <ClCompile Include="Util.cpp">
      <Filter>소스 파일</Filter>
    </ClCompile>
    <ClCompile Include="DeferredPass.cpp">
      <Filter>소스 파일</Filter>
    </ClCompile>
    <ClCompile Include="DeferredLightPass.cpp">
      <Filter>소스 파일</Filter>
    </ClCompile>
    <ClCompile Include="DeferredInstancing.cpp">
      <Filter>소스 파일</Filter>
    </ClCompile>
    <ClCompile Include="DeferredGeometryPass.cpp">
      <Filter>소스 파일</Filter>
    </ClCompile>
    <ClCompile Include="VPOutLinePass.cpp">
      <Filter>소스 파일</Filter>
    </ClCompile>
    <ClCompile Include="RimLight.cpp">
      <Filter>소스 파일</Filter>
    </ClCompile>
    <ClCompile Include="DecalPass.cpp">
      <Filter>소스 파일</Filter>
    </ClCompile>
    <ClCompile Include="DecalManager.cpp">
      <Filter>소스 파일</Filter>
    </ClCompile>
    <ClCompile Include="OverDrawPass.cpp">
      <Filter>소스 파일</Filter>
    </ClCompile>
    <ClCompile Include="EffectPass.cpp">
      <Filter>소스 파일</Filter>
    </ClCompile>
    <ClCompile Include="BlendState.cpp">
      <Filter>소스 파일</Filter>
    </ClCompile>
    <ClCompile Include="LightManager.cpp">
      <Filter>소스 파일</Filter>
    </ClCompile>
    <ClCompile Include="TransparencyPass.cpp">
      <Filter>소스 파일</Filter>
    </ClCompile>
    <ClCompile Include="Graphics.cpp">
      <Filter>Interface</Filter>
    </ClCompile>
    <ClCompile Include="OutputMain.cpp">
      <Filter>소스 파일</Filter>
    </ClCompile>
  </ItemGroup>
</Project>