<?xml version="1.0" encoding="utf-8"?>
<Project ToolsVersion="4.0" xmlns="http://schemas.microsoft.com/developer/msbuild/2003">
  <ItemGroup>
    <Filter Include="소스 파일">
      <UniqueIdentifier>{4FC737F1-C7A5-4376-A066-2A32D752A2FF}</UniqueIdentifier>
      <Extensions>cpp;c;cc;cxx;c++;cppm;ixx;def;odl;idl;hpj;bat;asm;asmx</Extensions>
    </Filter>
    <Filter Include="헤더 파일">
      <UniqueIdentifier>{93995380-89BD-4b04-88EB-625FBE52EBFB}</UniqueIdentifier>
      <Extensions>h;hh;hpp;hxx;h++;hm;inl;inc;ipp;xsd</Extensions>
    </Filter>
    <Filter Include="Interface">
      <UniqueIdentifier>{9aab772a-79cc-4cb2-92b3-4a7c22f72b92}</UniqueIdentifier>
    </Filter>
    <Filter Include="Data">
      <UniqueIdentifier>{8e12f795-3794-4e4d-b0b8-112cb65e6f8c}</UniqueIdentifier>
    </Filter>
    <Filter Include="Data\etc">
      <UniqueIdentifier>{7e0e3fc2-0b0e-4ba7-9d2b-b636f871763e}</UniqueIdentifier>
    </Filter>
    <Filter Include="HLSL">
      <UniqueIdentifier>{6e823485-b2d4-4466-b80d-d85efb1176ec}</UniqueIdentifier>
    </Filter>
    <Filter Include="Resource">
      <UniqueIdentifier>{3aa8a320-cec3-4109-840d-f526c1fffc62}</UniqueIdentifier>
    </Filter>
    <Filter Include="Resource\source">
      <UniqueIdentifier>{814dd732-b656-482c-9e5b-d29f09d21bfa}</UniqueIdentifier>
    </Filter>
    <Filter Include="Resource\header">
      <UniqueIdentifier>{2cefc195-ee33-4dc0-a91b-e4e942955edc}</UniqueIdentifier>
    </Filter>
    <Filter Include="Manager">
      <UniqueIdentifier>{289cbe94-b568-4209-a016-06c7d6fa3f9d}</UniqueIdentifier>
    </Filter>
    <Filter Include="Manager\source">
      <UniqueIdentifier>{d40892ef-48a1-447d-a45e-3c5e936e748f}</UniqueIdentifier>
    </Filter>
    <Filter Include="RenderPass">
      <UniqueIdentifier>{03827597-3f26-46bb-9119-5fa8ca35bc3d}</UniqueIdentifier>
    </Filter>
    <Filter Include="ModelLoader">
      <UniqueIdentifier>{76bbc9a6-be10-4700-9015-e0edee75a835}</UniqueIdentifier>
    </Filter>
    <Filter Include="Animation">
      <UniqueIdentifier>{a5e24fd0-59c6-4e5f-ae5b-0b0269338bad}</UniqueIdentifier>
    </Filter>
    <Filter Include="RenderPass\source">
      <UniqueIdentifier>{1cf04a56-b7fd-40cb-9825-ed258f8913dc}</UniqueIdentifier>
    </Filter>
    <Filter Include="RenderPass\header">
      <UniqueIdentifier>{508a91fc-e945-4e55-a2cd-3f5ea4d4f62c}</UniqueIdentifier>
    </Filter>
    <Filter Include="ModelLoader\ModelData">
      <UniqueIdentifier>{cb53e3eb-f28a-43e7-99ee-1d0e990c29dc}</UniqueIdentifier>
    </Filter>
    <Filter Include="Interface\source">
      <UniqueIdentifier>{4956715f-eaef-4041-abfc-50db66219284}</UniqueIdentifier>
    </Filter>
  </ItemGroup>
  <ItemGroup>
    <ClInclude Include="IGraphics.h">
      <Filter>Interface</Filter>
    </ClInclude>
    <ClInclude Include="framework.h">
      <Filter>Data\etc</Filter>
    </ClInclude>
    <ClInclude Include="pch.h">
      <Filter>Data\etc</Filter>
    </ClInclude>
    <ClInclude Include="Graphics.h">
      <Filter>Interface</Filter>
    </ClInclude>
    <ClInclude Include="Desc.h">
      <Filter>Data</Filter>
    </ClInclude>
    <ClInclude Include="VertexShader.h">
      <Filter>Resource\header</Filter>
    </ClInclude>
    <ClInclude Include="VertexBuffer.h">
      <Filter>Resource\header</Filter>
    </ClInclude>
    <ClInclude Include="Texture2D.h">
      <Filter>Resource\header</Filter>
    </ClInclude>
    <ClInclude Include="ShaderResourceView.h">
      <Filter>Resource\header</Filter>
    </ClInclude>
    <ClInclude Include="Shader.h">
      <Filter>Resource\header</Filter>
    </ClInclude>
    <ClInclude Include="Sampler.h">
      <Filter>Resource\header</Filter>
    </ClInclude>
    <ClInclude Include="Resource.h">
      <Filter>Resource\header</Filter>
    </ClInclude>
    <ClInclude Include="RenderState.h">
      <Filter>Resource\header</Filter>
    </ClInclude>
    <ClInclude Include="PixelShader.h">
      <Filter>Resource\header</Filter>
    </ClInclude>
    <ClInclude Include="Device.h">
      <Filter>Resource\header</Filter>
    </ClInclude>
    <ClInclude Include="IndexBuffer.h">
      <Filter>Resource\header</Filter>
    </ClInclude>
    <ClInclude Include="BlendState.h">
      <Filter>Resource\header</Filter>
    </ClInclude>
    <ClInclude Include="Buffer.h">
      <Filter>Resource\header</Filter>
    </ClInclude>
    <ClInclude Include="ConstantBuffer.h">
      <Filter>Resource\header</Filter>
    </ClInclude>
    <ClInclude Include="RenderTargetView.h">
      <Filter>Resource\header</Filter>
    </ClInclude>
    <ClInclude Include="DepthStencilView.h">
      <Filter>Resource\header</Filter>
    </ClInclude>
    <ClInclude Include="DepthStencilState.h">
      <Filter>Resource\header</Filter>
    </ClInclude>
    <ClInclude Include="ResourceManager.h">
      <Filter>Manager</Filter>
    </ClInclude>
    <ClInclude Include="PassManager.h">
      <Filter>Manager</Filter>
    </ClInclude>
    <ClInclude Include="DebugDrawManager.h">
      <Filter>Manager</Filter>
    </ClInclude>
    <ClInclude Include="DecalManager.h">
      <Filter>Manager</Filter>
    </ClInclude>
    <ClInclude Include="LightManager.h">
      <Filter>Manager</Filter>
    </ClInclude>
    <ClInclude Include="UIManager.h">
      <Filter>Manager</Filter>
    </ClInclude>
    <ClInclude Include="ModelLoader.h">
      <Filter>ModelLoader</Filter>
    </ClInclude>
    <ClInclude Include="Animator.h">
      <Filter>Animation</Filter>
    </ClInclude>
    <ClInclude Include="Animation.h">
      <Filter>Animation</Filter>
    </ClInclude>
    <ClInclude Include="BufferData.h">
      <Filter>Interface</Filter>
    </ClInclude>
    <ClInclude Include="RenderData.h">
      <Filter>Interface</Filter>
    </ClInclude>
    <ClInclude Include="ViewPort.h">
      <Filter>Resource\header</Filter>
    </ClInclude>
    <ClInclude Include="TextObject.h">
      <Filter>Resource\header</Filter>
    </ClInclude>
    <ClInclude Include="Defines.h">
      <Filter>Data</Filter>
    </ClInclude>
    <ClInclude Include="Slot.h">
      <Filter>Data</Filter>
    </ClInclude>
    <ClInclude Include="StaticData.h">
      <Filter>Data</Filter>
    </ClInclude>
    <ClInclude Include="Util.h">
      <Filter>Data</Filter>
    </ClInclude>
    <ClInclude Include="DebugPass.h">
      <Filter>RenderPass\header</Filter>
    </ClInclude>
    <ClInclude Include="DeferredGeometryPass.h">
      <Filter>RenderPass\header</Filter>
    </ClInclude>
    <ClInclude Include="DeferredInstancing.h">
      <Filter>RenderPass\header</Filter>
    </ClInclude>
    <ClInclude Include="DeferredLightPass.h">
      <Filter>RenderPass\header</Filter>
    </ClInclude>
    <ClInclude Include="DeferredPass.h">
      <Filter>RenderPass\header</Filter>
    </ClInclude>
    <ClInclude Include="OutputMain.h">
      <Filter>RenderPass\header</Filter>
    </ClInclude>
    <ClInclude Include="RenderPass.h">
      <Filter>RenderPass\header</Filter>
    </ClInclude>
    <ClInclude Include="UIPass.h">
      <Filter>RenderPass\header</Filter>
    </ClInclude>
    <ClInclude Include="ModelData.h">
      <Filter>ModelLoader\ModelData</Filter>
    </ClInclude>
    <ClInclude Include="Mesh.h">
      <Filter>ModelLoader\ModelData</Filter>
    </ClInclude>
    <ClInclude Include="Material.h">
      <Filter>ModelLoader\ModelData</Filter>
    </ClInclude>
    <ClInclude Include="Node.h">
      <Filter>ModelLoader\ModelData</Filter>
    </ClInclude>
    <ClInclude Include="VertexData.h">
      <Filter>Data</Filter>
    </ClInclude>
    <ClInclude Include="DebugOffScreen.h">
      <Filter>헤더 파일</Filter>
    </ClInclude>
  </ItemGroup>
  <ItemGroup>
    <ClCompile Include="dllmain.cpp">
      <Filter>Data\etc</Filter>
    </ClCompile>
    <ClCompile Include="pch.cpp">
      <Filter>Data\etc</Filter>
    </ClCompile>
    <ClCompile Include="BlendState.cpp">
      <Filter>Resource\source</Filter>
    </ClCompile>
    <ClCompile Include="Buffer.cpp">
      <Filter>Resource\source</Filter>
    </ClCompile>
    <ClCompile Include="ConstantBuffer.cpp">
      <Filter>Resource\source</Filter>
    </ClCompile>
    <ClCompile Include="Device.cpp">
      <Filter>Resource\source</Filter>
    </ClCompile>
    <ClCompile Include="IndexBuffer.cpp">
      <Filter>Resource\source</Filter>
    </ClCompile>
    <ClCompile Include="RenderState.cpp">
      <Filter>Resource\source</Filter>
    </ClCompile>
    <ClCompile Include="Resource.cpp">
      <Filter>Resource\source</Filter>
    </ClCompile>
    <ClCompile Include="Sampler.cpp">
      <Filter>Resource\source</Filter>
    </ClCompile>
    <ClCompile Include="Shader.cpp">
      <Filter>Resource\source</Filter>
    </ClCompile>
    <ClCompile Include="ShaderResourceView.cpp">
      <Filter>Resource\source</Filter>
    </ClCompile>
    <ClCompile Include="TextObject.cpp">
      <Filter>Resource\source</Filter>
    </ClCompile>
    <ClCompile Include="Texture2D.cpp">
      <Filter>Resource\source</Filter>
    </ClCompile>
    <ClCompile Include="VertexBuffer.cpp">
      <Filter>Resource\source</Filter>
    </ClCompile>
    <ClCompile Include="VertexShader.cpp">
      <Filter>Resource\source</Filter>
    </ClCompile>
    <ClCompile Include="LightManager.cpp">
      <Filter>Manager\source</Filter>
    </ClCompile>
    <ClCompile Include="ResourceManager.cpp">
      <Filter>Manager\source</Filter>
    </ClCompile>
    <ClCompile Include="UIManager.cpp">
      <Filter>Manager\source</Filter>
    </ClCompile>
    <ClCompile Include="PassManager.cpp">
      <Filter>Manager\source</Filter>
    </ClCompile>
    <ClCompile Include="DecalManager.cpp">
      <Filter>Manager\source</Filter>
    </ClCompile>
    <ClCompile Include="DebugDrawManager.cpp">
      <Filter>Manager\source</Filter>
    </ClCompile>
    <ClCompile Include="PixelShader.cpp">
      <Filter>Resource\source</Filter>
    </ClCompile>
    <ClCompile Include="ViewPort.cpp">
      <Filter>Resource\source</Filter>
    </ClCompile>
    <ClCompile Include="ModelLoader.cpp">
      <Filter>ModelLoader</Filter>
    </ClCompile>
    <ClCompile Include="RenderTargetView.cpp">
      <Filter>Resource\source</Filter>
    </ClCompile>
    <ClCompile Include="DepthStencilState.cpp">
      <Filter>Resource\source</Filter>
    </ClCompile>
    <ClCompile Include="DepthStencilView.cpp">
      <Filter>Resource\source</Filter>
    </ClCompile>
    <ClCompile Include="Animator.cpp">
      <Filter>Animation</Filter>
    </ClCompile>
    <ClCompile Include="Animation.cpp">
      <Filter>Animation</Filter>
    </ClCompile>
    <ClCompile Include="Util.cpp">
      <Filter>Data</Filter>
    </ClCompile>
    <ClCompile Include="DebugPass.cpp">
      <Filter>RenderPass\source</Filter>
    </ClCompile>
    <ClCompile Include="DeferredGeometryPass.cpp">
      <Filter>RenderPass\source</Filter>
    </ClCompile>
    <ClCompile Include="DeferredInstancing.cpp">
      <Filter>RenderPass\source</Filter>
    </ClCompile>
    <ClCompile Include="DeferredLightPass.cpp">
      <Filter>RenderPass\source</Filter>
    </ClCompile>
    <ClCompile Include="DeferredPass.cpp">
      <Filter>RenderPass\source</Filter>
    </ClCompile>
    <ClCompile Include="OutputMain.cpp">
      <Filter>RenderPass\source</Filter>
    </ClCompile>
    <ClCompile Include="RenderPass.cpp">
      <Filter>RenderPass\source</Filter>
    </ClCompile>
    <ClCompile Include="UIPass.cpp">
      <Filter>RenderPass\source</Filter>
    </ClCompile>
    <ClCompile Include="ModelData.cpp">
      <Filter>ModelLoader\ModelData</Filter>
    </ClCompile>
    <ClCompile Include="Mesh.cpp">
      <Filter>ModelLoader\ModelData</Filter>
    </ClCompile>
    <ClCompile Include="Material.cpp">
      <Filter>ModelLoader\ModelData</Filter>
    </ClCompile>
    <ClCompile Include="BufferData.cpp">
      <Filter>Interface\source</Filter>
    </ClCompile>
    <ClCompile Include="Graphics.cpp">
      <Filter>Interface\source</Filter>
    </ClCompile>
    <ClCompile Include="IGraphics.cpp">
      <Filter>Interface\source</Filter>
    </ClCompile>
    <ClCompile Include="RenderData.cpp">
      <Filter>Interface\source</Filter>
    </ClCompile>
    <ClCompile Include="DebugOffScreen.cpp">
      <Filter>RenderPass\source</Filter>
    </ClCompile>
    <ClCompile Include="Node.cpp">
      <Filter>ModelLoader\ModelData</Filter>
    </ClCompile>
  </ItemGroup>
  <ItemGroup>
    <None Include="Common.hlsli">
      <Filter>HLSL</Filter>
    </None>
  </ItemGroup>
  <ItemGroup>
    <FxCompile Include="InstancingPS.hlsl">
      <Filter>HLSL</Filter>
    </FxCompile>
    <FxCompile Include="Sprite2DPS.hlsl">
      <Filter>HLSL</Filter>
    </FxCompile>
    <FxCompile Include="Sprite2DVS.hlsl">
      <Filter>HLSL</Filter>
    </FxCompile>
    <FxCompile Include="QuadPS.hlsl">
      <Filter>HLSL</Filter>
    </FxCompile>
    <FxCompile Include="QuadVS.hlsl">
      <Filter>HLSL</Filter>
    </FxCompile>
    <FxCompile Include="MeshPS.hlsl">
      <Filter>HLSL</Filter>
    </FxCompile>
    <FxCompile Include="MeshVS.hlsl">
      <Filter>HLSL</Filter>
    </FxCompile>
    <FxCompile Include="MeshDeferredGeometryPS.hlsl">
      <Filter>HLSL</Filter>
    </FxCompile>
    <FxCompile Include="MeshDeferredLightPS.hlsl">
      <Filter>HLSL</Filter>
    </FxCompile>
    <FxCompile Include="InstancingVS.hlsl">
      <Filter>HLSL</Filter>
    </FxCompile>
    <FxCompile Include="CopyTex.hlsl">
      <Filter>HLSL</Filter>
    </FxCompile>
    <FxCompile Include="BasePS.hlsl">
      <Filter>HLSL</Filter>
    </FxCompile>
    <FxCompile Include="DebugQuadVS.hlsl">
      <Filter>HLSL</Filter>
    </FxCompile>
    <FxCompile Include="DebugQuadPS.hlsl">
      <Filter>HLSL</Filter>
    </FxCompile>
  </ItemGroup>
</Project>